<?xml version="1.0" encoding="utf-8"?>
<Project ToolsVersion="16.0" xmlns="http://schemas.microsoft.com/developer/msbuild/2003">
  <ItemGroup>
    <ClCompile Include="D:\proj\github\obs\obs-studio\plugins\obs-transitions\obs-transitions.c">
      <Filter>Source Files</Filter>
    </ClCompile>
    <ClCompile Include="D:\proj\github\obs\obs-studio\plugins\obs-transitions\transition-slide.c">
      <Filter>Source Files</Filter>
    </ClCompile>
    <ClCompile Include="D:\proj\github\obs\obs-studio\plugins\obs-transitions\transition-swipe.c">
      <Filter>Source Files</Filter>
    </ClCompile>
    <ClCompile Include="D:\proj\github\obs\obs-studio\plugins\obs-transitions\transition-fade.c">
      <Filter>Source Files</Filter>
    </ClCompile>
    <ClCompile Include="D:\proj\github\obs\obs-studio\plugins\obs-transitions\transition-cut.c">
      <Filter>Source Files</Filter>
    </ClCompile>
    <ClCompile Include="D:\proj\github\obs\obs-studio\plugins\obs-transitions\transition-fade-to-color.c">
      <Filter>Source Files</Filter>
    </ClCompile>
    <ClCompile Include="D:\proj\github\obs\obs-studio\plugins\obs-transitions\transition-luma-wipe.c">
      <Filter>Source Files</Filter>
    </ClCompile>
    <ClCompile Include="D:\proj\github\obs\obs-studio\plugins\obs-transitions\transition-stinger.c">
      <Filter>Source Files</Filter>
    </ClCompile>
  </ItemGroup>
  <ItemGroup>
    <CustomBuild Include="D:\proj\github\obs\obs-studio\plugins\obs-transitions\CMakeLists.txt" />
  </ItemGroup>
  <ItemGroup>
    <Filter Include="Source Files">
      <UniqueIdentifier>{6A0CAF36-27C5-36BA-8775-5492AB2C0B5C}</UniqueIdentifier>
    </Filter>
  </ItemGroup>
</Project>
