<?xml version="1.0" encoding="utf-8"?>
<Project ToolsVersion="16.0" xmlns="http://schemas.microsoft.com/developer/msbuild/2003">
  <ItemGroup>
    <ClCompile Include="D:\proj\github\obs\obs-studio\libobs-opengl\gl-windows.c">
      <Filter>Source Files</Filter>
    </ClCompile>
    <ClCompile Include="D:\proj\github\obs\obs-studio\libobs-opengl\gl-helpers.c">
      <Filter>Source Files</Filter>
    </ClCompile>
    <ClCompile Include="D:\proj\github\obs\obs-studio\libobs-opengl\gl-indexbuffer.c">
      <Filter>Source Files</Filter>
    </ClCompile>
    <ClCompile Include="D:\proj\github\obs\obs-studio\libobs-opengl\gl-shader.c">
      <Filter>Source Files</Filter>
    </ClCompile>
    <ClCompile Include="D:\proj\github\obs\obs-studio\libobs-opengl\gl-shaderparser.c">
      <Filter>Source Files</Filter>
    </ClCompile>
    <ClCompile Include="D:\proj\github\obs\obs-studio\libobs-opengl\gl-stagesurf.c">
      <Filter>Source Files</Filter>
    </ClCompile>
    <ClCompile Include="D:\proj\github\obs\obs-studio\libobs-opengl\gl-subsystem.c">
      <Filter>Source Files</Filter>
    </ClCompile>
    <ClCompile Include="D:\proj\github\obs\obs-studio\libobs-opengl\gl-texture2d.c">
      <Filter>Source Files</Filter>
    </ClCompile>
    <ClCompile Include="D:\proj\github\obs\obs-studio\libobs-opengl\gl-texture3d.c">
      <Filter>Source Files</Filter>
    </ClCompile>
    <ClCompile Include="D:\proj\github\obs\obs-studio\libobs-opengl\gl-texturecube.c">
      <Filter>Source Files</Filter>
    </ClCompile>
    <ClCompile Include="D:\proj\github\obs\obs-studio\libobs-opengl\gl-vertexbuffer.c">
      <Filter>Source Files</Filter>
    </ClCompile>
    <ClCompile Include="D:\proj\github\obs\obs-studio\libobs-opengl\gl-zstencil.c">
      <Filter>Source Files</Filter>
    </ClCompile>
  </ItemGroup>
  <ItemGroup>
    <ClInclude Include="D:\proj\github\obs\obs-studio\libobs-opengl\gl-helpers.h">
      <Filter>Header Files</Filter>
    </ClInclude>
    <ClInclude Include="D:\proj\github\obs\obs-studio\libobs-opengl\gl-shaderparser.h">
      <Filter>Header Files</Filter>
    </ClInclude>
    <ClInclude Include="D:\proj\github\obs\obs-studio\libobs-opengl\gl-subsystem.h">
      <Filter>Header Files</Filter>
    </ClInclude>
  </ItemGroup>
  <ItemGroup>
    <CustomBuild Include="D:\proj\github\obs\obs-studio\libobs-opengl\CMakeLists.txt" />
  </ItemGroup>
  <ItemGroup>
    <Filter Include="Header Files">
      <UniqueIdentifier>{7E98FA87-9F76-3651-BE5D-D2A33F6A21C1}</UniqueIdentifier>
    </Filter>
    <Filter Include="Source Files">
      <UniqueIdentifier>{6A0CAF36-27C5-36BA-8775-5492AB2C0B5C}</UniqueIdentifier>
    </Filter>
  </ItemGroup>
</Project>
